// !$*UTF8*$!
{
	archiveVersion = 1;
	classes = {
	};
	objectVersion = 56;
	objects = {

/* Begin PBXBuildFile section */
		902D30FC297CCC4100E9FF6A /* pricesView.swift in Sources */ = {isa = PBXBuildFile; fileRef = 902D30F9297CCC4100E9FF6A /* pricesView.swift */; };
		902D30FD297CCC4100E9FF6A /* tableView.swift in Sources */ = {isa = PBXBuildFile; fileRef = 902D30FA297CCC4100E9FF6A /* tableView.swift */; };
		902D30FE297CCC4100E9FF6A /* summeryView.swift in Sources */ = {isa = PBXBuildFile; fileRef = 902D30FB297CCC4100E9FF6A /* summeryView.swift */; };
		902D3101297CCE8C00E9FF6A /* CardView.swift in Sources */ = {isa = PBXBuildFile; fileRef = 902D3100297CCE8C00E9FF6A /* CardView.swift */; };
		902D3104297CD52900E9FF6A /* appModel.swift in Sources */ = {isa = PBXBuildFile; fileRef = 902D3103297CD52900E9FF6A /* appModel.swift */; };
		BB8F6AA7297CCB8200537413 /* ViZhual_IOSApp.swift in Sources */ = {isa = PBXBuildFile; fileRef = BB8F6AA6297CCB8200537413 /* ViZhual_IOSApp.swift */; };
		BB8F6AA9297CCB8200537413 /* ContentView.swift in Sources */ = {isa = PBXBuildFile; fileRef = BB8F6AA8297CCB8200537413 /* ContentView.swift */; };
		BB8F6AAB297CCB8300537413 /* Assets.xcassets in Resources */ = {isa = PBXBuildFile; fileRef = BB8F6AAA297CCB8300537413 /* Assets.xcassets */; };
		BB8F6AAE297CCB8300537413 /* Preview Assets.xcassets in Resources */ = {isa = PBXBuildFile; fileRef = BB8F6AAD297CCB8300537413 /* Preview Assets.xcassets */; };
		BB8F6AB8297CCBE000537413 /* PieChartView.swift in Sources */ = {isa = PBXBuildFile; fileRef = BB8F6AB4297CCBE000537413 /* PieChartView.swift */; };
		BB8F6AB9297CCBE000537413 /* PieSliceView.swift in Sources */ = {isa = PBXBuildFile; fileRef = BB8F6AB5297CCBE000537413 /* PieSliceView.swift */; };
		BB8F6ABA297CCBE000537413 /* MyPieChart.swift in Sources */ = {isa = PBXBuildFile; fileRef = BB8F6AB6297CCBE000537413 /* MyPieChart.swift */; };
		BB8F6ABB297CCBE000537413 /* MyLineView.swift in Sources */ = {isa = PBXBuildFile; fileRef = BB8F6AB7297CCBE000537413 /* MyLineView.swift */; };
		BB8F6ABE297CCC5900537413 /* SwiftUICharts in Frameworks */ = {isa = PBXBuildFile; productRef = BB8F6ABD297CCC5900537413 /* SwiftUICharts */; };
/* End PBXBuildFile section */

/* Begin PBXFileReference section */
		902D30F9297CCC4100E9FF6A /* pricesView.swift */ = {isa = PBXFileReference; fileEncoding = 4; lastKnownFileType = sourcecode.swift; path = pricesView.swift; sourceTree = "<group>"; };
		902D30FA297CCC4100E9FF6A /* tableView.swift */ = {isa = PBXFileReference; fileEncoding = 4; lastKnownFileType = sourcecode.swift; path = tableView.swift; sourceTree = "<group>"; };
		902D30FB297CCC4100E9FF6A /* summeryView.swift */ = {isa = PBXFileReference; fileEncoding = 4; lastKnownFileType = sourcecode.swift; path = summeryView.swift; sourceTree = "<group>"; };
		902D3100297CCE8C00E9FF6A /* CardView.swift */ = {isa = PBXFileReference; lastKnownFileType = sourcecode.swift; path = CardView.swift; sourceTree = "<group>"; };
		902D3103297CD52900E9FF6A /* appModel.swift */ = {isa = PBXFileReference; lastKnownFileType = sourcecode.swift; path = appModel.swift; sourceTree = "<group>"; };
		BB8F6AA3297CCB8200537413 /* ViZhual-IOS.app */ = {isa = PBXFileReference; explicitFileType = wrapper.application; includeInIndex = 0; path = "ViZhual-IOS.app"; sourceTree = BUILT_PRODUCTS_DIR; };
		BB8F6AA6297CCB8200537413 /* ViZhual_IOSApp.swift */ = {isa = PBXFileReference; lastKnownFileType = sourcecode.swift; path = ViZhual_IOSApp.swift; sourceTree = "<group>"; };
		BB8F6AA8297CCB8200537413 /* ContentView.swift */ = {isa = PBXFileReference; lastKnownFileType = sourcecode.swift; path = ContentView.swift; sourceTree = "<group>"; };
		BB8F6AAA297CCB8300537413 /* Assets.xcassets */ = {isa = PBXFileReference; lastKnownFileType = folder.assetcatalog; path = Assets.xcassets; sourceTree = "<group>"; };
		BB8F6AAD297CCB8300537413 /* Preview Assets.xcassets */ = {isa = PBXFileReference; lastKnownFileType = folder.assetcatalog; path = "Preview Assets.xcassets"; sourceTree = "<group>"; };
		BB8F6AB4297CCBE000537413 /* PieChartView.swift */ = {isa = PBXFileReference; fileEncoding = 4; lastKnownFileType = sourcecode.swift; path = PieChartView.swift; sourceTree = "<group>"; };
		BB8F6AB5297CCBE000537413 /* PieSliceView.swift */ = {isa = PBXFileReference; fileEncoding = 4; lastKnownFileType = sourcecode.swift; path = PieSliceView.swift; sourceTree = "<group>"; };
		BB8F6AB6297CCBE000537413 /* MyPieChart.swift */ = {isa = PBXFileReference; fileEncoding = 4; lastKnownFileType = sourcecode.swift; path = MyPieChart.swift; sourceTree = "<group>"; };
		BB8F6AB7297CCBE000537413 /* MyLineView.swift */ = {isa = PBXFileReference; fileEncoding = 4; lastKnownFileType = sourcecode.swift; path = MyLineView.swift; sourceTree = "<group>"; };
/* End PBXFileReference section */

/* Begin PBXFrameworksBuildPhase section */
		BB8F6AA0297CCB8200537413 /* Frameworks */ = {
			isa = PBXFrameworksBuildPhase;
			buildActionMask = 2147483647;
			files = (
				BB8F6ABE297CCC5900537413 /* SwiftUICharts in Frameworks */,
			);
			runOnlyForDeploymentPostprocessing = 0;
		};
/* End PBXFrameworksBuildPhase section */

/* Begin PBXGroup section */
		902D30FF297CCC4500E9FF6A /* Views */ = {
			isa = PBXGroup;
			children = (
				902D30F9297CCC4100E9FF6A /* pricesView.swift */,
				902D30FB297CCC4100E9FF6A /* summeryView.swift */,
				902D30FA297CCC4100E9FF6A /* tableView.swift */,
			);
			path = Views;
			sourceTree = "<group>";
		};
		BB8F6A9A297CCB8200537413 = {
			isa = PBXGroup;
			children = (
				BB8F6AA5297CCB8200537413 /* ViZhual-IOS */,
				BB8F6AA4297CCB8200537413 /* Products */,
			);
			sourceTree = "<group>";
		};
		BB8F6AA4297CCB8200537413 /* Products */ = {
			isa = PBXGroup;
			children = (
				BB8F6AA3297CCB8200537413 /* ViZhual-IOS.app */,
			);
			name = Products;
			sourceTree = "<group>";
		};
		BB8F6AA5297CCB8200537413 /* ViZhual-IOS */ = {
			isa = PBXGroup;
			children = (
				BB8F6AA6297CCB8200537413 /* ViZhual_IOSApp.swift */,
				BB8F6AA8297CCB8200537413 /* ContentView.swift */,
				BB8F6ABF297CCD7C00537413 /* ChartViews */,
				902D30FF297CCC4500E9FF6A /* Views */,
				BB8F6AAA297CCB8300537413 /* Assets.xcassets */,
				BB8F6AAC297CCB8300537413 /* Preview Content */,
				902D3100297CCE8C00E9FF6A /* CardView.swift */,
				902D3103297CD52900E9FF6A /* appModel.swift */,
			);
			path = "ViZhual-IOS";
			sourceTree = "<group>";
		};
		BB8F6AAC297CCB8300537413 /* Preview Content */ = {
			isa = PBXGroup;
			children = (
				BB8F6AAD297CCB8300537413 /* Preview Assets.xcassets */,
			);
			path = "Preview Content";
			sourceTree = "<group>";
		};
		BB8F6ABF297CCD7C00537413 /* ChartViews */ = {
			isa = PBXGroup;
			children = (
				BB8F6AB7297CCBE000537413 /* MyLineView.swift */,
				BB8F6AB6297CCBE000537413 /* MyPieChart.swift */,
				BB8F6AB4297CCBE000537413 /* PieChartView.swift */,
				BB8F6AB5297CCBE000537413 /* PieSliceView.swift */,
			);
			path = ChartViews;
			sourceTree = "<group>";
		};
/* End PBXGroup section */

/* Begin PBXNativeTarget section */
		BB8F6AA2297CCB8200537413 /* ViZhual-IOS */ = {
			isa = PBXNativeTarget;
			buildConfigurationList = BB8F6AB1297CCB8300537413 /* Build configuration list for PBXNativeTarget "ViZhual-IOS" */;
			buildPhases = (
				BB8F6A9F297CCB8200537413 /* Sources */,
				BB8F6AA0297CCB8200537413 /* Frameworks */,
				BB8F6AA1297CCB8200537413 /* Resources */,
			);
			buildRules = (
			);
			dependencies = (
			);
			name = "ViZhual-IOS";
			packageProductDependencies = (
				BB8F6ABD297CCC5900537413 /* SwiftUICharts */,
			);
			productName = "ViZhual-IOS";
			productReference = BB8F6AA3297CCB8200537413 /* ViZhual-IOS.app */;
			productType = "com.apple.product-type.application";
		};
/* End PBXNativeTarget section */

/* Begin PBXProject section */
		BB8F6A9B297CCB8200537413 /* Project object */ = {
			isa = PBXProject;
			attributes = {
				BuildIndependentTargetsInParallel = 1;
				LastSwiftUpdateCheck = 1420;
				LastUpgradeCheck = 1420;
				TargetAttributes = {
					BB8F6AA2297CCB8200537413 = {
						CreatedOnToolsVersion = 14.2;
					};
				};
			};
			buildConfigurationList = BB8F6A9E297CCB8200537413 /* Build configuration list for PBXProject "ViZhual-IOS" */;
			compatibilityVersion = "Xcode 14.0";
			developmentRegion = en;
			hasScannedForEncodings = 0;
			knownRegions = (
				en,
				Base,
			);
			mainGroup = BB8F6A9A297CCB8200537413;
			packageReferences = (
				BB8F6ABC297CCC5900537413 /* XCRemoteSwiftPackageReference "ChartView" */,
			);
			productRefGroup = BB8F6AA4297CCB8200537413 /* Products */;
			projectDirPath = "";
			projectRoot = "";
			targets = (
				BB8F6AA2297CCB8200537413 /* ViZhual-IOS */,
			);
		};
/* End PBXProject section */

/* Begin PBXResourcesBuildPhase section */
		BB8F6AA1297CCB8200537413 /* Resources */ = {
			isa = PBXResourcesBuildPhase;
			buildActionMask = 2147483647;
			files = (
				BB8F6AAE297CCB8300537413 /* Preview Assets.xcassets in Resources */,
				BB8F6AAB297CCB8300537413 /* Assets.xcassets in Resources */,
			);
			runOnlyForDeploymentPostprocessing = 0;
		};
/* End PBXResourcesBuildPhase section */

/* Begin PBXSourcesBuildPhase section */
		BB8F6A9F297CCB8200537413 /* Sources */ = {
			isa = PBXSourcesBuildPhase;
			buildActionMask = 2147483647;
			files = (
				902D30FC297CCC4100E9FF6A /* pricesView.swift in Sources */,
				BB8F6AB8297CCBE000537413 /* PieChartView.swift in Sources */,
				BB8F6ABA297CCBE000537413 /* MyPieChart.swift in Sources */,
				BB8F6AA9297CCB8200537413 /* ContentView.swift in Sources */,
				902D3104297CD52900E9FF6A /* appModel.swift in Sources */,
				902D30FE297CCC4100E9FF6A /* summeryView.swift in Sources */,
				BB8F6AB9297CCBE000537413 /* PieSliceView.swift in Sources */,
				902D30FD297CCC4100E9FF6A /* tableView.swift in Sources */,
				BB8F6ABB297CCBE000537413 /* MyLineView.swift in Sources */,
				902D3101297CCE8C00E9FF6A /* CardView.swift in Sources */,
				BB8F6AA7297CCB8200537413 /* ViZhual_IOSApp.swift in Sources */,
			);
			runOnlyForDeploymentPostprocessing = 0;
		};
/* End PBXSourcesBuildPhase section */

/* Begin XCBuildConfiguration section */
		BB8F6AAF297CCB8300537413 /* Debug */ = {
			isa = XCBuildConfiguration;
			buildSettings = {
				ALWAYS_SEARCH_USER_PATHS = NO;
				CLANG_ANALYZER_NONNULL = YES;
				CLANG_ANALYZER_NUMBER_OBJECT_CONVERSION = YES_AGGRESSIVE;
				CLANG_CXX_LANGUAGE_STANDARD = "gnu++20";
				CLANG_ENABLE_MODULES = YES;
				CLANG_ENABLE_OBJC_ARC = YES;
				CLANG_ENABLE_OBJC_WEAK = YES;
				CLANG_WARN_BLOCK_CAPTURE_AUTORELEASING = YES;
				CLANG_WARN_BOOL_CONVERSION = YES;
				CLANG_WARN_COMMA = YES;
				CLANG_WARN_CONSTANT_CONVERSION = YES;
				CLANG_WARN_DEPRECATED_OBJC_IMPLEMENTATIONS = YES;
				CLANG_WARN_DIRECT_OBJC_ISA_USAGE = YES_ERROR;
				CLANG_WARN_DOCUMENTATION_COMMENTS = YES;
				CLANG_WARN_EMPTY_BODY = YES;
				CLANG_WARN_ENUM_CONVERSION = YES;
				CLANG_WARN_INFINITE_RECURSION = YES;
				CLANG_WARN_INT_CONVERSION = YES;
				CLANG_WARN_NON_LITERAL_NULL_CONVERSION = YES;
				CLANG_WARN_OBJC_IMPLICIT_RETAIN_SELF = YES;
				CLANG_WARN_OBJC_LITERAL_CONVERSION = YES;
				CLANG_WARN_OBJC_ROOT_CLASS = YES_ERROR;
				CLANG_WARN_QUOTED_INCLUDE_IN_FRAMEWORK_HEADER = YES;
				CLANG_WARN_RANGE_LOOP_ANALYSIS = YES;
				CLANG_WARN_STRICT_PROTOTYPES = YES;
				CLANG_WARN_SUSPICIOUS_MOVE = YES;
				CLANG_WARN_UNGUARDED_AVAILABILITY = YES_AGGRESSIVE;
				CLANG_WARN_UNREACHABLE_CODE = YES;
				CLANG_WARN__DUPLICATE_METHOD_MATCH = YES;
				COPY_PHASE_STRIP = NO;
				DEBUG_INFORMATION_FORMAT = dwarf;
				ENABLE_STRICT_OBJC_MSGSEND = YES;
				ENABLE_TESTABILITY = YES;
				GCC_C_LANGUAGE_STANDARD = gnu11;
				GCC_DYNAMIC_NO_PIC = NO;
				GCC_NO_COMMON_BLOCKS = YES;
				GCC_OPTIMIZATION_LEVEL = 0;
				GCC_PREPROCESSOR_DEFINITIONS = (
					"DEBUG=1",
					"$(inherited)",
				);
				GCC_WARN_64_TO_32_BIT_CONVERSION = YES;
				GCC_WARN_ABOUT_RETURN_TYPE = YES_ERROR;
				GCC_WARN_UNDECLARED_SELECTOR = YES;
				GCC_WARN_UNINITIALIZED_AUTOS = YES_AGGRESSIVE;
				GCC_WARN_UNUSED_FUNCTION = YES;
				GCC_WARN_UNUSED_VARIABLE = YES;
				IPHONEOS_DEPLOYMENT_TARGET = 16.2;
				MTL_ENABLE_DEBUG_INFO = INCLUDE_SOURCE;
				MTL_FAST_MATH = YES;
				ONLY_ACTIVE_ARCH = YES;
				SDKROOT = iphoneos;
				SWIFT_ACTIVE_COMPILATION_CONDITIONS = DEBUG;
				SWIFT_OPTIMIZATION_LEVEL = "-Onone";
			};
			name = Debug;
		};
		BB8F6AB0297CCB8300537413 /* Release */ = {
			isa = XCBuildConfiguration;
			buildSettings = {
				ALWAYS_SEARCH_USER_PATHS = NO;
				CLANG_ANALYZER_NONNULL = YES;
				CLANG_ANALYZER_NUMBER_OBJECT_CONVERSION = YES_AGGRESSIVE;
				CLANG_CXX_LANGUAGE_STANDARD = "gnu++20";
				CLANG_ENABLE_MODULES = YES;
				CLANG_ENABLE_OBJC_ARC = YES;
				CLANG_ENABLE_OBJC_WEAK = YES;
				CLANG_WARN_BLOCK_CAPTURE_AUTORELEASING = YES;
				CLANG_WARN_BOOL_CONVERSION = YES;
				CLANG_WARN_COMMA = YES;
				CLANG_WARN_CONSTANT_CONVERSION = YES;
				CLANG_WARN_DEPRECATED_OBJC_IMPLEMENTATIONS = YES;
				CLANG_WARN_DIRECT_OBJC_ISA_USAGE = YES_ERROR;
				CLANG_WARN_DOCUMENTATION_COMMENTS = YES;
				CLANG_WARN_EMPTY_BODY = YES;
				CLANG_WARN_ENUM_CONVERSION = YES;
				CLANG_WARN_INFINITE_RECURSION = YES;
				CLANG_WARN_INT_CONVERSION = YES;
				CLANG_WARN_NON_LITERAL_NULL_CONVERSION = YES;
				CLANG_WARN_OBJC_IMPLICIT_RETAIN_SELF = YES;
				CLANG_WARN_OBJC_LITERAL_CONVERSION = YES;
				CLANG_WARN_OBJC_ROOT_CLASS = YES_ERROR;
				CLANG_WARN_QUOTED_INCLUDE_IN_FRAMEWORK_HEADER = YES;
				CLANG_WARN_RANGE_LOOP_ANALYSIS = YES;
				CLANG_WARN_STRICT_PROTOTYPES = YES;
				CLANG_WARN_SUSPICIOUS_MOVE = YES;
				CLANG_WARN_UNGUARDED_AVAILABILITY = YES_AGGRESSIVE;
				CLANG_WARN_UNREACHABLE_CODE = YES;
				CLANG_WARN__DUPLICATE_METHOD_MATCH = YES;
				COPY_PHASE_STRIP = NO;
				DEBUG_INFORMATION_FORMAT = "dwarf-with-dsym";
				ENABLE_NS_ASSERTIONS = NO;
				ENABLE_STRICT_OBJC_MSGSEND = YES;
				GCC_C_LANGUAGE_STANDARD = gnu11;
				GCC_NO_COMMON_BLOCKS = YES;
				GCC_WARN_64_TO_32_BIT_CONVERSION = YES;
				GCC_WARN_ABOUT_RETURN_TYPE = YES_ERROR;
				GCC_WARN_UNDECLARED_SELECTOR = YES;
				GCC_WARN_UNINITIALIZED_AUTOS = YES_AGGRESSIVE;
				GCC_WARN_UNUSED_FUNCTION = YES;
				GCC_WARN_UNUSED_VARIABLE = YES;
				IPHONEOS_DEPLOYMENT_TARGET = 16.2;
				MTL_ENABLE_DEBUG_INFO = NO;
				MTL_FAST_MATH = YES;
				SDKROOT = iphoneos;
				SWIFT_COMPILATION_MODE = wholemodule;
				SWIFT_OPTIMIZATION_LEVEL = "-O";
				VALIDATE_PRODUCT = YES;
			};
			name = Release;
		};
		BB8F6AB2297CCB8300537413 /* Debug */ = {
			isa = XCBuildConfiguration;
			buildSettings = {
				ASSETCATALOG_COMPILER_APPICON_NAME = AppIcon;
				ASSETCATALOG_COMPILER_GLOBAL_ACCENT_COLOR_NAME = AccentColor;
				CODE_SIGN_STYLE = Automatic;
				CURRENT_PROJECT_VERSION = 1;
				DEVELOPMENT_ASSET_PATHS = "\"ViZhual-IOS/Preview Content\"";
				DEVELOPMENT_TEAM = XYY68H4963;
				ENABLE_PREVIEWS = YES;
				GENERATE_INFOPLIST_FILE = YES;
				INFOPLIST_FILE = "ViZhual-IOS/Info.plist";
				INFOPLIST_KEY_UIApplicationSupportsIndirectInputEvents = YES;
				INFOPLIST_KEY_UILaunchScreen_Generation = YES;
				INFOPLIST_KEY_UISupportedInterfaceOrientations_iPad = "UIInterfaceOrientationPortrait UIInterfaceOrientationPortraitUpsideDown UIInterfaceOrientationLandscapeLeft UIInterfaceOrientationLandscapeRight";
				INFOPLIST_KEY_UISupportedInterfaceOrientations_iPhone = "UIInterfaceOrientationPortrait UIInterfaceOrientationLandscapeLeft UIInterfaceOrientationLandscapeRight";
				LD_RUNPATH_SEARCH_PATHS = (
					"$(inherited)",
					"@executable_path/Frameworks",
				);
				MARKETING_VERSION = 1.0;
				PRODUCT_BUNDLE_IDENTIFIER = "com.area51.ViZhual-IOS";
				PRODUCT_NAME = "$(TARGET_NAME)";
				SWIFT_EMIT_LOC_STRINGS = YES;
				SWIFT_VERSION = 5.0;
				TARGETED_DEVICE_FAMILY = "1,2";
			};
			name = Debug;
		};
		BB8F6AB3297CCB8300537413 /* Release */ = {
			isa = XCBuildConfiguration;
			buildSettings = {
				ASSETCATALOG_COMPILER_APPICON_NAME = AppIcon;
				ASSETCATALOG_COMPILER_GLOBAL_ACCENT_COLOR_NAME = AccentColor;
				CODE_SIGN_STYLE = Automatic;
				CURRENT_PROJECT_VERSION = 1;
				DEVELOPMENT_ASSET_PATHS = "\"ViZhual-IOS/Preview Content\"";
				DEVELOPMENT_TEAM = XYY68H4963;
				ENABLE_PREVIEWS = YES;
				GENERATE_INFOPLIST_FILE = YES;
				INFOPLIST_FILE = "ViZhual-IOS/Info.plist";
				INFOPLIST_KEY_UIApplicationSupportsIndirectInputEvents = YES;
				INFOPLIST_KEY_UILaunchScreen_Generation = YES;
				INFOPLIST_KEY_UISupportedInterfaceOrientations_iPad = "UIInterfaceOrientationPortrait UIInterfaceOrientationPortraitUpsideDown UIInterfaceOrientationLandscapeLeft UIInterfaceOrientationLandscapeRight";
				INFOPLIST_KEY_UISupportedInterfaceOrientations_iPhone = "UIInterfaceOrientationPortrait UIInterfaceOrientationLandscapeLeft UIInterfaceOrientationLandscapeRight";
				LD_RUNPATH_SEARCH_PATHS = (
					"$(inherited)",
					"@executable_path/Frameworks",
				);
				MARKETING_VERSION = 1.0;
				PRODUCT_BUNDLE_IDENTIFIER = "com.area51.ViZhual-IOS";
				PRODUCT_NAME = "$(TARGET_NAME)";
				SWIFT_EMIT_LOC_STRINGS = YES;
				SWIFT_VERSION = 5.0;
				TARGETED_DEVICE_FAMILY = "1,2";
			};
			name = Release;
		};
/* End XCBuildConfiguration section */

/* Begin XCConfigurationList section */
		BB8F6A9E297CCB8200537413 /* Build configuration list for PBXProject "ViZhual-IOS" */ = {
			isa = XCConfigurationList;
			buildConfigurations = (
				BB8F6AAF297CCB8300537413 /* Debug */,
				BB8F6AB0297CCB8300537413 /* Release */,
			);
			defaultConfigurationIsVisible = 0;
			defaultConfigurationName = Release;
		};
		BB8F6AB1297CCB8300537413 /* Build configuration list for PBXNativeTarget "ViZhual-IOS" */ = {
			isa = XCConfigurationList;
			buildConfigurations = (
				BB8F6AB2297CCB8300537413 /* Debug */,
				BB8F6AB3297CCB8300537413 /* Release */,
			);
			defaultConfigurationIsVisible = 0;
			defaultConfigurationName = Release;
		};
/* End XCConfigurationList section */

/* Begin XCRemoteSwiftPackageReference section */
		BB8F6ABC297CCC5900537413 /* XCRemoteSwiftPackageReference "ChartView" */ = {
			isa = XCRemoteSwiftPackageReference;
			repositoryURL = "https://github.com/AppPear/ChartView.git";
			requirement = {
				kind = upToNextMajorVersion;
				minimumVersion = 1.5.5;
			};
		};
/* End XCRemoteSwiftPackageReference section */

/* Begin XCSwiftPackageProductDependency section */
		BB8F6ABD297CCC5900537413 /* SwiftUICharts */ = {
			isa = XCSwiftPackageProductDependency;
			package = BB8F6ABC297CCC5900537413 /* XCRemoteSwiftPackageReference "ChartView" */;
			productName = SwiftUICharts;
		};
/* End XCSwiftPackageProductDependency section */
	};
	rootObject = BB8F6A9B297CCB8200537413 /* Project object */;
}
