// !$*UTF8*$!
{
	archiveVersion = 1;
	classes = {
	};
	objectVersion = 56;
	objects = {

/* Begin PBXBuildFile section */
		BB9431F8297CBF9000BB6C27 /* PieSliceView.swift in Sources */ = {isa = PBXBuildFile; fileRef = BB9431F6297CBF9000BB6C27 /* PieSliceView.swift */; };
		BB9431F9297CBF9000BB6C27 /* PieChartView.swift in Sources */ = {isa = PBXBuildFile; fileRef = BB9431F7297CBF9000BB6C27 /* PieChartView.swift */; };
		BBE15D5B297CADC6009B3461 /* VizhualApp.swift in Sources */ = {isa = PBXBuildFile; fileRef = BBE15D5A297CADC6009B3461 /* VizhualApp.swift */; };
		BBE15D5D297CADC6009B3461 /* ContentView.swift in Sources */ = {isa = PBXBuildFile; fileRef = BBE15D5C297CADC6009B3461 /* ContentView.swift */; };
		BBE15D5F297CADC7009B3461 /* Assets.xcassets in Resources */ = {isa = PBXBuildFile; fileRef = BBE15D5E297CADC7009B3461 /* Assets.xcassets */; };
		BBE15D62297CADC7009B3461 /* Preview Assets.xcassets in Resources */ = {isa = PBXBuildFile; fileRef = BBE15D61297CADC7009B3461 /* Preview Assets.xcassets */; };
		BBE15D70297CB65E009B3461 /* MyLineView.swift in Sources */ = {isa = PBXBuildFile; fileRef = BBE15D6F297CB65E009B3461 /* MyLineView.swift */; };
		BBE15E6C297CBABB009B3461 /* SwiftUICharts in Frameworks */ = {isa = PBXBuildFile; productRef = BBE15E6B297CBABB009B3461 /* SwiftUICharts */; };
		BBE15E6E297CBB4D009B3461 /* MyPieChart.swift in Sources */ = {isa = PBXBuildFile; fileRef = BBE15E6D297CBB4D009B3461 /* MyPieChart.swift */; };
/* End PBXBuildFile section */

/* Begin PBXFileReference section */
		BB9431F6297CBF9000BB6C27 /* PieSliceView.swift */ = {isa = PBXFileReference; fileEncoding = 4; lastKnownFileType = sourcecode.swift; path = PieSliceView.swift; sourceTree = "<group>"; };
		BB9431F7297CBF9000BB6C27 /* PieChartView.swift */ = {isa = PBXFileReference; fileEncoding = 4; lastKnownFileType = sourcecode.swift; path = PieChartView.swift; sourceTree = "<group>"; };
		BBE15D57297CADC6009B3461 /* Vizhual.app */ = {isa = PBXFileReference; explicitFileType = wrapper.application; includeInIndex = 0; path = Vizhual.app; sourceTree = BUILT_PRODUCTS_DIR; };
		BBE15D5A297CADC6009B3461 /* VizhualApp.swift */ = {isa = PBXFileReference; lastKnownFileType = sourcecode.swift; path = VizhualApp.swift; sourceTree = "<group>"; };
		BBE15D5C297CADC6009B3461 /* ContentView.swift */ = {isa = PBXFileReference; lastKnownFileType = sourcecode.swift; path = ContentView.swift; sourceTree = "<group>"; };
		BBE15D5E297CADC7009B3461 /* Assets.xcassets */ = {isa = PBXFileReference; lastKnownFileType = folder.assetcatalog; path = Assets.xcassets; sourceTree = "<group>"; };
		BBE15D61297CADC7009B3461 /* Preview Assets.xcassets */ = {isa = PBXFileReference; lastKnownFileType = folder.assetcatalog; path = "Preview Assets.xcassets"; sourceTree = "<group>"; };
		BBE15D6F297CB65E009B3461 /* MyLineView.swift */ = {isa = PBXFileReference; lastKnownFileType = sourcecode.swift; path = MyLineView.swift; sourceTree = "<group>"; };
		BBE15E6D297CBB4D009B3461 /* MyPieChart.swift */ = {isa = PBXFileReference; lastKnownFileType = sourcecode.swift; path = MyPieChart.swift; sourceTree = "<group>"; };
/* End PBXFileReference section */

/* Begin PBXFrameworksBuildPhase section */
		BBE15D54297CADC6009B3461 /* Frameworks */ = {
			isa = PBXFrameworksBuildPhase;
			buildActionMask = 2147483647;
			files = (
				BBE15E6C297CBABB009B3461 /* SwiftUICharts in Frameworks */,
			);
			runOnlyForDeploymentPostprocessing = 0;
		};
/* End PBXFrameworksBuildPhase section */

/* Begin PBXGroup section */
		BBE15D4E297CADC6009B3461 = {
			isa = PBXGroup;
			children = (
				BBE15D59297CADC6009B3461 /* Vizhual */,
				BBE15D58297CADC6009B3461 /* Products */,
			);
			sourceTree = "<group>";
		};
		BBE15D58297CADC6009B3461 /* Products */ = {
			isa = PBXGroup;
			children = (
				BBE15D57297CADC6009B3461 /* Vizhual.app */,
			);
			name = Products;
			sourceTree = "<group>";
		};
		BBE15D59297CADC6009B3461 /* Vizhual */ = {
			isa = PBXGroup;
			children = (
				BBE15D5A297CADC6009B3461 /* VizhualApp.swift */,
				BBE15D5C297CADC6009B3461 /* ContentView.swift */,
				BBE15D6F297CB65E009B3461 /* MyLineView.swift */,
				BBE15E6D297CBB4D009B3461 /* MyPieChart.swift */,
				BB9431F7297CBF9000BB6C27 /* PieChartView.swift */,
				BB9431F6297CBF9000BB6C27 /* PieSliceView.swift */,
				BBE15D5E297CADC7009B3461 /* Assets.xcassets */,
				BBE15D60297CADC7009B3461 /* Preview Content */,
			);
			path = Vizhual;
			sourceTree = "<group>";
		};
		BBE15D60297CADC7009B3461 /* Preview Content */ = {
			isa = PBXGroup;
			children = (
				BBE15D61297CADC7009B3461 /* Preview Assets.xcassets */,
			);
			path = "Preview Content";
			sourceTree = "<group>";
		};
/* End PBXGroup section */

/* Begin PBXNativeTarget section */
		BBE15D56297CADC6009B3461 /* Vizhual */ = {
			isa = PBXNativeTarget;
			buildConfigurationList = BBE15D65297CADC7009B3461 /* Build configuration list for PBXNativeTarget "Vizhual" */;
			buildPhases = (
				BBE15D53297CADC6009B3461 /* Sources */,
				BBE15D54297CADC6009B3461 /* Frameworks */,
				BBE15D55297CADC6009B3461 /* Resources */,
			);
			buildRules = (
			);
			dependencies = (
			);
			name = Vizhual;
			packageProductDependencies = (
				BBE15E6B297CBABB009B3461 /* SwiftUICharts */,
			);
			productName = Vizhual;
			productReference = BBE15D57297CADC6009B3461 /* Vizhual.app */;
			productType = "com.apple.product-type.application";
		};
/* End PBXNativeTarget section */

/* Begin PBXProject section */
		BBE15D4F297CADC6009B3461 /* Project object */ = {
			isa = PBXProject;
			attributes = {
				BuildIndependentTargetsInParallel = 1;
				LastSwiftUpdateCheck = 1420;
				LastUpgradeCheck = 1420;
				TargetAttributes = {
					BBE15D56297CADC6009B3461 = {
						CreatedOnToolsVersion = 14.2;
					};
				};
			};
			buildConfigurationList = BBE15D52297CADC6009B3461 /* Build configuration list for PBXProject "Vizhual" */;
			compatibilityVersion = "Xcode 14.0";
			developmentRegion = en;
			hasScannedForEncodings = 0;
			knownRegions = (
				en,
				Base,
			);
			mainGroup = BBE15D4E297CADC6009B3461;
			packageReferences = (
				BBE15E6A297CBABB009B3461 /* XCRemoteSwiftPackageReference "ChartView" */,
			);
			productRefGroup = BBE15D58297CADC6009B3461 /* Products */;
			projectDirPath = "";
			projectRoot = "";
			targets = (
				BBE15D56297CADC6009B3461 /* Vizhual */,
			);
		};
/* End PBXProject section */

/* Begin PBXResourcesBuildPhase section */
		BBE15D55297CADC6009B3461 /* Resources */ = {
			isa = PBXResourcesBuildPhase;
			buildActionMask = 2147483647;
			files = (
				BBE15D62297CADC7009B3461 /* Preview Assets.xcassets in Resources */,
				BBE15D5F297CADC7009B3461 /* Assets.xcassets in Resources */,
			);
			runOnlyForDeploymentPostprocessing = 0;
		};
/* End PBXResourcesBuildPhase section */

/* Begin PBXSourcesBuildPhase section */
		BBE15D53297CADC6009B3461 /* Sources */ = {
			isa = PBXSourcesBuildPhase;
			buildActionMask = 2147483647;
			files = (
				BB9431F9297CBF9000BB6C27 /* PieChartView.swift in Sources */,
				BB9431F8297CBF9000BB6C27 /* PieSliceView.swift in Sources */,
				BBE15D5D297CADC6009B3461 /* ContentView.swift in Sources */,
				BBE15E6E297CBB4D009B3461 /* MyPieChart.swift in Sources */,
				BBE15D5B297CADC6009B3461 /* VizhualApp.swift in Sources */,
				BBE15D70297CB65E009B3461 /* MyLineView.swift in Sources */,
			);
			runOnlyForDeploymentPostprocessing = 0;
		};
/* End PBXSourcesBuildPhase section */

/* Begin XCBuildConfiguration section */
		BBE15D63297CADC7009B3461 /* Debug */ = {
			isa = XCBuildConfiguration;
			buildSettings = {
				ALWAYS_SEARCH_USER_PATHS = NO;
				CLANG_ANALYZER_NONNULL = YES;
				CLANG_ANALYZER_NUMBER_OBJECT_CONVERSION = YES_AGGRESSIVE;
				CLANG_CXX_LANGUAGE_STANDARD = "gnu++20";
				CLANG_ENABLE_MODULES = YES;
				CLANG_ENABLE_OBJC_ARC = YES;
				CLANG_ENABLE_OBJC_WEAK = YES;
				CLANG_WARN_BLOCK_CAPTURE_AUTORELEASING = YES;
				CLANG_WARN_BOOL_CONVERSION = YES;
				CLANG_WARN_COMMA = YES;
				CLANG_WARN_CONSTANT_CONVERSION = YES;
				CLANG_WARN_DEPRECATED_OBJC_IMPLEMENTATIONS = YES;
				CLANG_WARN_DIRECT_OBJC_ISA_USAGE = YES_ERROR;
				CLANG_WARN_DOCUMENTATION_COMMENTS = YES;
				CLANG_WARN_EMPTY_BODY = YES;
				CLANG_WARN_ENUM_CONVERSION = YES;
				CLANG_WARN_INFINITE_RECURSION = YES;
				CLANG_WARN_INT_CONVERSION = YES;
				CLANG_WARN_NON_LITERAL_NULL_CONVERSION = YES;
				CLANG_WARN_OBJC_IMPLICIT_RETAIN_SELF = YES;
				CLANG_WARN_OBJC_LITERAL_CONVERSION = YES;
				CLANG_WARN_OBJC_ROOT_CLASS = YES_ERROR;
				CLANG_WARN_QUOTED_INCLUDE_IN_FRAMEWORK_HEADER = YES;
				CLANG_WARN_RANGE_LOOP_ANALYSIS = YES;
				CLANG_WARN_STRICT_PROTOTYPES = YES;
				CLANG_WARN_SUSPICIOUS_MOVE = YES;
				CLANG_WARN_UNGUARDED_AVAILABILITY = YES_AGGRESSIVE;
				CLANG_WARN_UNREACHABLE_CODE = YES;
				CLANG_WARN__DUPLICATE_METHOD_MATCH = YES;
				COPY_PHASE_STRIP = NO;
				DEBUG_INFORMATION_FORMAT = dwarf;
				ENABLE_STRICT_OBJC_MSGSEND = YES;
				ENABLE_TESTABILITY = YES;
				GCC_C_LANGUAGE_STANDARD = gnu11;
				GCC_DYNAMIC_NO_PIC = NO;
				GCC_NO_COMMON_BLOCKS = YES;
				GCC_OPTIMIZATION_LEVEL = 0;
				GCC_PREPROCESSOR_DEFINITIONS = (
					"DEBUG=1",
					"$(inherited)",
				);
				GCC_WARN_64_TO_32_BIT_CONVERSION = YES;
				GCC_WARN_ABOUT_RETURN_TYPE = YES_ERROR;
				GCC_WARN_UNDECLARED_SELECTOR = YES;
				GCC_WARN_UNINITIALIZED_AUTOS = YES_AGGRESSIVE;
				GCC_WARN_UNUSED_FUNCTION = YES;
				GCC_WARN_UNUSED_VARIABLE = YES;
				IPHONEOS_DEPLOYMENT_TARGET = 15.0;
				MTL_ENABLE_DEBUG_INFO = INCLUDE_SOURCE;
				MTL_FAST_MATH = YES;
				ONLY_ACTIVE_ARCH = YES;
				SDKROOT = iphoneos;
				SWIFT_ACTIVE_COMPILATION_CONDITIONS = DEBUG;
				SWIFT_OPTIMIZATION_LEVEL = "-Onone";
			};
			name = Debug;
		};
		BBE15D64297CADC7009B3461 /* Release */ = {
			isa = XCBuildConfiguration;
			buildSettings = {
				ALWAYS_SEARCH_USER_PATHS = NO;
				CLANG_ANALYZER_NONNULL = YES;
				CLANG_ANALYZER_NUMBER_OBJECT_CONVERSION = YES_AGGRESSIVE;
				CLANG_CXX_LANGUAGE_STANDARD = "gnu++20";
				CLANG_ENABLE_MODULES = YES;
				CLANG_ENABLE_OBJC_ARC = YES;
				CLANG_ENABLE_OBJC_WEAK = YES;
				CLANG_WARN_BLOCK_CAPTURE_AUTORELEASING = YES;
				CLANG_WARN_BOOL_CONVERSION = YES;
				CLANG_WARN_COMMA = YES;
				CLANG_WARN_CONSTANT_CONVERSION = YES;
				CLANG_WARN_DEPRECATED_OBJC_IMPLEMENTATIONS = YES;
				CLANG_WARN_DIRECT_OBJC_ISA_USAGE = YES_ERROR;
				CLANG_WARN_DOCUMENTATION_COMMENTS = YES;
				CLANG_WARN_EMPTY_BODY = YES;
				CLANG_WARN_ENUM_CONVERSION = YES;
				CLANG_WARN_INFINITE_RECURSION = YES;
				CLANG_WARN_INT_CONVERSION = YES;
				CLANG_WARN_NON_LITERAL_NULL_CONVERSION = YES;
				CLANG_WARN_OBJC_IMPLICIT_RETAIN_SELF = YES;
				CLANG_WARN_OBJC_LITERAL_CONVERSION = YES;
				CLANG_WARN_OBJC_ROOT_CLASS = YES_ERROR;
				CLANG_WARN_QUOTED_INCLUDE_IN_FRAMEWORK_HEADER = YES;
				CLANG_WARN_RANGE_LOOP_ANALYSIS = YES;
				CLANG_WARN_STRICT_PROTOTYPES = YES;
				CLANG_WARN_SUSPICIOUS_MOVE = YES;
				CLANG_WARN_UNGUARDED_AVAILABILITY = YES_AGGRESSIVE;
				CLANG_WARN_UNREACHABLE_CODE = YES;
				CLANG_WARN__DUPLICATE_METHOD_MATCH = YES;
				COPY_PHASE_STRIP = NO;
				DEBUG_INFORMATION_FORMAT = "dwarf-with-dsym";
				ENABLE_NS_ASSERTIONS = NO;
				ENABLE_STRICT_OBJC_MSGSEND = YES;
				GCC_C_LANGUAGE_STANDARD = gnu11;
				GCC_NO_COMMON_BLOCKS = YES;
				GCC_WARN_64_TO_32_BIT_CONVERSION = YES;
				GCC_WARN_ABOUT_RETURN_TYPE = YES_ERROR;
				GCC_WARN_UNDECLARED_SELECTOR = YES;
				GCC_WARN_UNINITIALIZED_AUTOS = YES_AGGRESSIVE;
				GCC_WARN_UNUSED_FUNCTION = YES;
				GCC_WARN_UNUSED_VARIABLE = YES;
				IPHONEOS_DEPLOYMENT_TARGET = 15.0;
				MTL_ENABLE_DEBUG_INFO = NO;
				MTL_FAST_MATH = YES;
				SDKROOT = iphoneos;
				SWIFT_COMPILATION_MODE = wholemodule;
				SWIFT_OPTIMIZATION_LEVEL = "-O";
				VALIDATE_PRODUCT = YES;
			};
			name = Release;
		};
		BBE15D66297CADC7009B3461 /* Debug */ = {
			isa = XCBuildConfiguration;
			buildSettings = {
				ASSETCATALOG_COMPILER_APPICON_NAME = AppIcon;
				ASSETCATALOG_COMPILER_GLOBAL_ACCENT_COLOR_NAME = AccentColor;
				CODE_SIGN_STYLE = Automatic;
				CURRENT_PROJECT_VERSION = 1;
				DEVELOPMENT_ASSET_PATHS = "\"Vizhual/Preview Content\"";
				DEVELOPMENT_TEAM = XYY68H4963;
				ENABLE_PREVIEWS = YES;
				GENERATE_INFOPLIST_FILE = YES;
				INFOPLIST_KEY_LSApplicationCategoryType = "public.app-category.business";
				INFOPLIST_KEY_UIApplicationSceneManifest_Generation = YES;
				INFOPLIST_KEY_UIApplicationSupportsIndirectInputEvents = YES;
				INFOPLIST_KEY_UILaunchScreen_Generation = YES;
				INFOPLIST_KEY_UISupportedInterfaceOrientations_iPad = "UIInterfaceOrientationPortrait UIInterfaceOrientationPortraitUpsideDown UIInterfaceOrientationLandscapeLeft UIInterfaceOrientationLandscapeRight";
				INFOPLIST_KEY_UISupportedInterfaceOrientations_iPhone = "UIInterfaceOrientationPortrait UIInterfaceOrientationLandscapeLeft UIInterfaceOrientationLandscapeRight";
				IPHONEOS_DEPLOYMENT_TARGET = 15.0;
				LD_RUNPATH_SEARCH_PATHS = (
					"$(inherited)",
					"@executable_path/Frameworks",
				);
				MARKETING_VERSION = 1.0;
				PRODUCT_BUNDLE_IDENTIFIER = com.alireza.Vizhual;
				PRODUCT_NAME = "$(TARGET_NAME)";
				SWIFT_EMIT_LOC_STRINGS = YES;
				SWIFT_VERSION = 5.0;
				TARGETED_DEVICE_FAMILY = "1,2";
			};
			name = Debug;
		};
		BBE15D67297CADC7009B3461 /* Release */ = {
			isa = XCBuildConfiguration;
			buildSettings = {
				ASSETCATALOG_COMPILER_APPICON_NAME = AppIcon;
				ASSETCATALOG_COMPILER_GLOBAL_ACCENT_COLOR_NAME = AccentColor;
				CODE_SIGN_STYLE = Automatic;
				CURRENT_PROJECT_VERSION = 1;
				DEVELOPMENT_ASSET_PATHS = "\"Vizhual/Preview Content\"";
				DEVELOPMENT_TEAM = XYY68H4963;
				ENABLE_PREVIEWS = YES;
				GENERATE_INFOPLIST_FILE = YES;
				INFOPLIST_KEY_LSApplicationCategoryType = "public.app-category.business";
				INFOPLIST_KEY_UIApplicationSceneManifest_Generation = YES;
				INFOPLIST_KEY_UIApplicationSupportsIndirectInputEvents = YES;
				INFOPLIST_KEY_UILaunchScreen_Generation = YES;
				INFOPLIST_KEY_UISupportedInterfaceOrientations_iPad = "UIInterfaceOrientationPortrait UIInterfaceOrientationPortraitUpsideDown UIInterfaceOrientationLandscapeLeft UIInterfaceOrientationLandscapeRight";
				INFOPLIST_KEY_UISupportedInterfaceOrientations_iPhone = "UIInterfaceOrientationPortrait UIInterfaceOrientationLandscapeLeft UIInterfaceOrientationLandscapeRight";
				IPHONEOS_DEPLOYMENT_TARGET = 15.0;
				LD_RUNPATH_SEARCH_PATHS = (
					"$(inherited)",
					"@executable_path/Frameworks",
				);
				MARKETING_VERSION = 1.0;
				PRODUCT_BUNDLE_IDENTIFIER = com.alireza.Vizhual;
				PRODUCT_NAME = "$(TARGET_NAME)";
				SWIFT_EMIT_LOC_STRINGS = YES;
				SWIFT_VERSION = 5.0;
				TARGETED_DEVICE_FAMILY = "1,2";
			};
			name = Release;
		};
/* End XCBuildConfiguration section */

/* Begin XCConfigurationList section */
		BBE15D52297CADC6009B3461 /* Build configuration list for PBXProject "Vizhual" */ = {
			isa = XCConfigurationList;
			buildConfigurations = (
				BBE15D63297CADC7009B3461 /* Debug */,
				BBE15D64297CADC7009B3461 /* Release */,
			);
			defaultConfigurationIsVisible = 0;
			defaultConfigurationName = Release;
		};
		BBE15D65297CADC7009B3461 /* Build configuration list for PBXNativeTarget "Vizhual" */ = {
			isa = XCConfigurationList;
			buildConfigurations = (
				BBE15D66297CADC7009B3461 /* Debug */,
				BBE15D67297CADC7009B3461 /* Release */,
			);
			defaultConfigurationIsVisible = 0;
			defaultConfigurationName = Release;
		};
/* End XCConfigurationList section */

/* Begin XCRemoteSwiftPackageReference section */
		BBE15E6A297CBABB009B3461 /* XCRemoteSwiftPackageReference "ChartView" */ = {
			isa = XCRemoteSwiftPackageReference;
			repositoryURL = "https://github.com/AppPear/ChartView/";
			requirement = {
				kind = upToNextMajorVersion;
				minimumVersion = 1.5.0;
			};
		};
/* End XCRemoteSwiftPackageReference section */

/* Begin XCSwiftPackageProductDependency section */
		BBE15E6B297CBABB009B3461 /* SwiftUICharts */ = {
			isa = XCSwiftPackageProductDependency;
			package = BBE15E6A297CBABB009B3461 /* XCRemoteSwiftPackageReference "ChartView" */;
			productName = SwiftUICharts;
		};
/* End XCSwiftPackageProductDependency section */
	};
	rootObject = BBE15D4F297CADC6009B3461 /* Project object */;
}
